
Microsoft Visual Studio Solution File, Format Version 12.00
# Visual Studio Version 16
VisualStudioVersion = 16.0.28729.10
MinimumVisualStudioVersion = 10.0.40219.1
Project("{FAE04EC0-301F-11D3-BF4B-00C04F79EFBC}") = "JsonManipuationSample", "JsonManipuationSample\JsonManipuationSample.csproj", "{4D2F50CB-59A9-4910-8E94-89B7846507DE}"
EndProject
Global
	GlobalSection(SolutionConfigurationPlatforms) = preSolution
		Debug|Any CPU = Debug|Any CPU
		Release|Any CPU = Release|Any CPU
	EndGlobalSection
	GlobalSection(ProjectConfigurationPlatforms) = postSolution
		{4D2F50CB-59A9-4910-8E94-89B7846507DE}.Debug|Any CPU.ActiveCfg = Debug|Any CPU
		{4D2F50CB-59A9-4910-8E94-89B7846507DE}.Debug|Any CPU.Build.0 = Debug|Any CPU
		{4D2F50CB-59A9-4910-8E94-89B7846507DE}.Release|Any CPU.ActiveCfg = Release|Any CPU
		{4D2F50CB-59A9-4910-8E94-89B7846507DE}.Release|Any CPU.Build.0 = Release|Any CPU
	EndGlobalSection
	GlobalSection(SolutionProperties) = preSolution
		HideSolutionNode = FALSE
	EndGlobalSection
	GlobalSection(ExtensibilityGlobals) = postSolution
		SolutionGuid = {83D6D3CE-8A0B-474D-B1F6-67773EB05FA7}
	EndGlobalSection
EndGlobal
